
Microsoft Visual Studio Solution File, Format Version 12.00
# Visual Studio 15
VisualStudioVersion = 15.0.28010.2003
MinimumVisualStudioVersion = 10.0.40219.1
Project("{FAE04EC0-301F-11D3-BF4B-00C04F79EFBC}") = "MyPets", "MyPets\MyPets.csproj", "{913EAA6F-B709-4041-A1DF-A484A0022B42}"
EndProject
Project("{FAE04EC0-301F-11D3-BF4B-00C04F79EFBC}") = "MyPetsTest", "MyPetsTest\MyPetsTest.csproj", "{BCECBADC-5CEE-4A6A-A23E-CA30093F169E}"
EndProject
Global
	GlobalSection(SolutionConfigurationPlatforms) = preSolution
		Debug|Any CPU = Debug|Any CPU
		Release|Any CPU = Release|Any CPU
	EndGlobalSection
	GlobalSection(ProjectConfigurationPlatforms) = postSolution
		{913EAA6F-B709-4041-A1DF-A484A0022B42}.Debug|Any CPU.ActiveCfg = Debug|Any CPU
		{913EAA6F-B709-4041-A1DF-A484A0022B42}.Debug|Any CPU.Build.0 = Debug|Any CPU
		{913EAA6F-B709-4041-A1DF-A484A0022B42}.Release|Any CPU.ActiveCfg = Release|Any CPU
		{913EAA6F-B709-4041-A1DF-A484A0022B42}.Release|Any CPU.Build.0 = Release|Any CPU
		{BCECBADC-5CEE-4A6A-A23E-CA30093F169E}.Debug|Any CPU.ActiveCfg = Debug|Any CPU
		{BCECBADC-5CEE-4A6A-A23E-CA30093F169E}.Debug|Any CPU.Build.0 = Debug|Any CPU
		{BCECBADC-5CEE-4A6A-A23E-CA30093F169E}.Release|Any CPU.ActiveCfg = Release|Any CPU
		{BCECBADC-5CEE-4A6A-A23E-CA30093F169E}.Release|Any CPU.Build.0 = Release|Any CPU
	EndGlobalSection
	GlobalSection(SolutionProperties) = preSolution
		HideSolutionNode = FALSE
	EndGlobalSection
	GlobalSection(ExtensibilityGlobals) = postSolution
		SolutionGuid = {C8892C2A-531F-47E7-B3F0-17D0967DE856}
	EndGlobalSection
EndGlobal
